
Microsoft Visual Studio Solution File, Format Version 12.00
# Visual Studio 15
VisualStudioVersion = 15.0.26730.12
MinimumVisualStudioVersion = 10.0.40219.1
Project("{FAE04EC0-301F-11D3-BF4B-00C04F79EFBC}") = "WebApplication27", "WebApplication27\WebApplication27.csproj", "{A1AF15F9-D71E-429A-B2B9-538E2F3F87A5}"
EndProject
Global
	GlobalSection(SolutionConfigurationPlatforms) = preSolution
		Debug|Any CPU = Debug|Any CPU
		Release|Any CPU = Release|Any CPU
	EndGlobalSection
	GlobalSection(ProjectConfigurationPlatforms) = postSolution
		{A1AF15F9-D71E-429A-B2B9-538E2F3F87A5}.Debug|Any CPU.ActiveCfg = Debug|Any CPU
		{A1AF15F9-D71E-429A-B2B9-538E2F3F87A5}.Debug|Any CPU.Build.0 = Debug|Any CPU
		{A1AF15F9-D71E-429A-B2B9-538E2F3F87A5}.Release|Any CPU.ActiveCfg = Release|Any CPU
		{A1AF15F9-D71E-429A-B2B9-538E2F3F87A5}.Release|Any CPU.Build.0 = Release|Any CPU
	EndGlobalSection
	GlobalSection(SolutionProperties) = preSolution
		HideSolutionNode = FALSE
	EndGlobalSection
	GlobalSection(ExtensibilityGlobals) = postSolution
		SolutionGuid = {900E2F18-FBFC-4984-95DF-FA853DEADE2C}
	EndGlobalSection
EndGlobal
